
Microsoft Visual Studio Solution File, Format Version 12.00
# Visual Studio 15
VisualStudioVersion = 15.0.27703.2035
MinimumVisualStudioVersion = 10.0.40219.1
Project("{9A19103F-16F7-4668-BE54-9A1E7A4F7556}") = "NETChallenge", "NETChallenge\NETChallenge.csproj", "{9F0010F8-EC05-4ADC-BD85-EA337BEAA933}"
EndProject
Project("{FAE04EC0-301F-11D3-BF4B-00C04F79EFBC}") = "BucketService", "BucketService\BucketService.csproj", "{EB9F1DF9-8E5C-4E39-85D1-8F6F9CA5DFD0}"
EndProject
Project("{FAE04EC0-301F-11D3-BF4B-00C04F79EFBC}") = "BucketRepository", "BucketRepository\BucketRepository.csproj", "{51B8430B-FAC0-4A17-9D94-9A537A7E9E43}"
EndProject
Project("{FAE04EC0-301F-11D3-BF4B-00C04F79EFBC}") = "UnitTest", "UnitTest\UnitTest.csproj", "{A865CF4A-3C63-4C01-B63D-09FB45B91840}"
EndProject
Global
	GlobalSection(SolutionConfigurationPlatforms) = preSolution
		Debug|Any CPU = Debug|Any CPU
		Release|Any CPU = Release|Any CPU
	EndGlobalSection
	GlobalSection(ProjectConfigurationPlatforms) = postSolution
		{9F0010F8-EC05-4ADC-BD85-EA337BEAA933}.Debug|Any CPU.ActiveCfg = Debug|Any CPU
		{9F0010F8-EC05-4ADC-BD85-EA337BEAA933}.Debug|Any CPU.Build.0 = Debug|Any CPU
		{9F0010F8-EC05-4ADC-BD85-EA337BEAA933}.Release|Any CPU.ActiveCfg = Release|Any CPU
		{9F0010F8-EC05-4ADC-BD85-EA337BEAA933}.Release|Any CPU.Build.0 = Release|Any CPU
		{EB9F1DF9-8E5C-4E39-85D1-8F6F9CA5DFD0}.Debug|Any CPU.ActiveCfg = Debug|Any CPU
		{EB9F1DF9-8E5C-4E39-85D1-8F6F9CA5DFD0}.Debug|Any CPU.Build.0 = Debug|Any CPU
		{EB9F1DF9-8E5C-4E39-85D1-8F6F9CA5DFD0}.Release|Any CPU.ActiveCfg = Release|Any CPU
		{EB9F1DF9-8E5C-4E39-85D1-8F6F9CA5DFD0}.Release|Any CPU.Build.0 = Release|Any CPU
		{51B8430B-FAC0-4A17-9D94-9A537A7E9E43}.Debug|Any CPU.ActiveCfg = Debug|Any CPU
		{51B8430B-FAC0-4A17-9D94-9A537A7E9E43}.Debug|Any CPU.Build.0 = Debug|Any CPU
		{51B8430B-FAC0-4A17-9D94-9A537A7E9E43}.Release|Any CPU.ActiveCfg = Release|Any CPU
		{51B8430B-FAC0-4A17-9D94-9A537A7E9E43}.Release|Any CPU.Build.0 = Release|Any CPU
		{A865CF4A-3C63-4C01-B63D-09FB45B91840}.Debug|Any CPU.ActiveCfg = Debug|Any CPU
		{A865CF4A-3C63-4C01-B63D-09FB45B91840}.Debug|Any CPU.Build.0 = Debug|Any CPU
		{A865CF4A-3C63-4C01-B63D-09FB45B91840}.Release|Any CPU.ActiveCfg = Release|Any CPU
		{A865CF4A-3C63-4C01-B63D-09FB45B91840}.Release|Any CPU.Build.0 = Release|Any CPU
	EndGlobalSection
	GlobalSection(SolutionProperties) = preSolution
		HideSolutionNode = FALSE
	EndGlobalSection
	GlobalSection(ExtensibilityGlobals) = postSolution
		SolutionGuid = {844604EA-43EC-4F9A-838C-7AE97CC18B8B}
	EndGlobalSection
EndGlobal
